
Microsoft Visual Studio Solution File, Format Version 12.00
# Visual Studio Version 16
VisualStudioVersion = 16.0.31729.503
MinimumVisualStudioVersion = 10.0.40219.1
Project("{FAE04EC0-301F-11D3-BF4B-00C04F79EFBC}") = "EmployeeRegister", "EmployeeRegister.csproj", "{212624D4-0658-41FC-8D9C-2813D8F2DA50}"
EndProject
Global
	GlobalSection(SolutionConfigurationPlatforms) = preSolution
		Debug|Any CPU = Debug|Any CPU
		Release|Any CPU = Release|Any CPU
	EndGlobalSection
	GlobalSection(ProjectConfigurationPlatforms) = postSolution
		{212624D4-0658-41FC-8D9C-2813D8F2DA50}.Debug|Any CPU.ActiveCfg = Debug|Any CPU
		{212624D4-0658-41FC-8D9C-2813D8F2DA50}.Debug|Any CPU.Build.0 = Debug|Any CPU
		{212624D4-0658-41FC-8D9C-2813D8F2DA50}.Release|Any CPU.ActiveCfg = Release|Any CPU
		{212624D4-0658-41FC-8D9C-2813D8F2DA50}.Release|Any CPU.Build.0 = Release|Any CPU
	EndGlobalSection
	GlobalSection(SolutionProperties) = preSolution
		HideSolutionNode = FALSE
	EndGlobalSection
	GlobalSection(ExtensibilityGlobals) = postSolution
		SolutionGuid = {BCE6426F-5268-4091-9B2C-F53F0771B680}
	EndGlobalSection
EndGlobal
